
Microsoft Visual Studio Solution File, Format Version 12.00
# Visual Studio Version 17
VisualStudioVersion = 17.5.33312.197
MinimumVisualStudioVersion = 10.0.40219.1
Project("{888888A0-9F3D-457C-B088-3A5042F75D52}") = "TerminatorServer", "TerminatorServer\TerminatorServer.pyproj", "{76C9F750-FFE2-4024-91C0-84868E81FDEA}"
EndProject
Global
	GlobalSection(SolutionConfigurationPlatforms) = preSolution
		Debug|Any CPU = Debug|Any CPU
		Release|Any CPU = Release|Any CPU
	EndGlobalSection
	GlobalSection(ProjectConfigurationPlatforms) = postSolution
		{76C9F750-FFE2-4024-91C0-84868E81FDEA}.Debug|Any CPU.ActiveCfg = Debug|Any CPU
		{76C9F750-FFE2-4024-91C0-84868E81FDEA}.Release|Any CPU.ActiveCfg = Release|Any CPU
	EndGlobalSection
	GlobalSection(SolutionProperties) = preSolution
		HideSolutionNode = FALSE
	EndGlobalSection
	GlobalSection(ExtensibilityGlobals) = postSolution
		SolutionGuid = {D31F3C20-FC69-4BB2-9061-970A67B2DA2D}
	EndGlobalSection
EndGlobal
